
Microsoft Visual Studio Solution File, Format Version 12.00
# Visual Studio Version 16
VisualStudioVersion = 16.0.30804.86
MinimumVisualStudioVersion = 10.0.40219.1
Project("{FAE04EC0-301F-11D3-BF4B-00C04F79EFBC}") = "Rocky", "Rocky\Rocky.csproj", "{A62D068C-0EE5-4825-8D89-44D33E639C0C}"
EndProject
Global
	GlobalSection(SolutionConfigurationPlatforms) = preSolution
		Debug|Any CPU = Debug|Any CPU
		Release|Any CPU = Release|Any CPU
	EndGlobalSection
	GlobalSection(ProjectConfigurationPlatforms) = postSolution
		{A62D068C-0EE5-4825-8D89-44D33E639C0C}.Debug|Any CPU.ActiveCfg = Debug|Any CPU
		{A62D068C-0EE5-4825-8D89-44D33E639C0C}.Debug|Any CPU.Build.0 = Debug|Any CPU
		{A62D068C-0EE5-4825-8D89-44D33E639C0C}.Release|Any CPU.ActiveCfg = Release|Any CPU
		{A62D068C-0EE5-4825-8D89-44D33E639C0C}.Release|Any CPU.Build.0 = Release|Any CPU
	EndGlobalSection
	GlobalSection(SolutionProperties) = preSolution
		HideSolutionNode = FALSE
	EndGlobalSection
	GlobalSection(ExtensibilityGlobals) = postSolution
		SolutionGuid = {CF7DBB28-4197-4CC5-AB70-416F229F7B76}
	EndGlobalSection
EndGlobal
